# This file is automatically @generated by Cargo.
# It is not intended for manual editing.
version = 4

[[package]]
name = "printobserver"
version = "0.1.0"

[[package]]
name = "printobserver-core"
version = "0.1.0"

[[package]]
name = "printobserver-obico"
version = "0.1.0"

[[package]]
name = "printobserver-octoprint"
version = "0.1.0"

[[package]]
name = "printobserver-oneharness"
version = "0.1.0"

[[package]]
name = "printobserver-printer-api"
version = "0.1.0"

[[package]]
name = "printobserver-sdk"
version = "0.1.0"

[[package]]
name = "printobserver-server"
version = "0.1.0"

[[package]]
name = "printobserver-store-api"
version = "0.1.0"

[[package]]
name = "printobserver-store-sqlite"
version = "0.1.0"

[[package]]
name = "printobserver-supervisor-api"
version = "0.1.0"

[[package]]
name = "printobserver-types"
version = "0.1.0"

[[package]]
name = "printobserver-vision-api"
version = "0.1.0"
